
Microsoft Visual Studio Solution File, Format Version 12.00
# Visual Studio Version 17
VisualStudioVersion = 17.12.35527.113 d17.12
MinimumVisualStudioVersion = 10.0.40219.1
Project("{FAE04EC0-301F-11D3-BF4B-00C04F79EFBC}") = "ass3Final", "ass3Final\ass3Final.csproj", "{67734197-0EEC-4B86-862F-1F1E5918ED45}"
EndProject
Global
	GlobalSection(SolutionConfigurationPlatforms) = preSolution
		Debug|Any CPU = Debug|Any CPU
		Release|Any CPU = Release|Any CPU
	EndGlobalSection
	GlobalSection(ProjectConfigurationPlatforms) = postSolution
		{67734197-0EEC-4B86-862F-1F1E5918ED45}.Debug|Any CPU.ActiveCfg = Debug|Any CPU
		{67734197-0EEC-4B86-862F-1F1E5918ED45}.Debug|Any CPU.Build.0 = Debug|Any CPU
		{67734197-0EEC-4B86-862F-1F1E5918ED45}.Release|Any CPU.ActiveCfg = Release|Any CPU
		{67734197-0EEC-4B86-862F-1F1E5918ED45}.Release|Any CPU.Build.0 = Release|Any CPU
	EndGlobalSection
	GlobalSection(SolutionProperties) = preSolution
		HideSolutionNode = FALSE
	EndGlobalSection
EndGlobal
